
Microsoft Visual Studio Solution File, Format Version 12.00
# Visual Studio Version 16
VisualStudioVersion = 16.0.29920.165
MinimumVisualStudioVersion = 10.0.40219.1
Project("{F184B08F-C81C-45F6-A57F-5ABD9991F28F}") = "ChutesAndLadders", "ChutesAndLadders\ChutesAndLadders.vbproj", "{D40BE515-B1AB-4F62-B6A9-1F9D89E7454F}"
EndProject
Global
	GlobalSection(SolutionConfigurationPlatforms) = preSolution
		Debug|Any CPU = Debug|Any CPU
		Release|Any CPU = Release|Any CPU
	EndGlobalSection
	GlobalSection(ProjectConfigurationPlatforms) = postSolution
		{D40BE515-B1AB-4F62-B6A9-1F9D89E7454F}.Debug|Any CPU.ActiveCfg = Debug|Any CPU
		{D40BE515-B1AB-4F62-B6A9-1F9D89E7454F}.Debug|Any CPU.Build.0 = Debug|Any CPU
		{D40BE515-B1AB-4F62-B6A9-1F9D89E7454F}.Release|Any CPU.ActiveCfg = Release|Any CPU
		{D40BE515-B1AB-4F62-B6A9-1F9D89E7454F}.Release|Any CPU.Build.0 = Release|Any CPU
	EndGlobalSection
	GlobalSection(SolutionProperties) = preSolution
		HideSolutionNode = FALSE
	EndGlobalSection
	GlobalSection(ExtensibilityGlobals) = postSolution
		SolutionGuid = {615BD740-E06E-4522-9EC6-262FF87B241C}
	EndGlobalSection
EndGlobal
